github.com/go-toolsmith/astcopy v1.0.2 h1:YnWf5Rnh1hUudj11kei53kI57quN/VH6Hp1n+erozn0=
github.com/go-toolsmith/astcopy v1.0.2/go.mod h1:4TcEdbElGc9twQEYpVo/aieIXfHhiuLh4aLAck6dO7Y=
github.com/go-toolsmith/astequal v1.0.2/go.mod h1:9Ai4UglvtR+4up+bAD4+hCj7iTo4m/OXVTSLnCyTAx4=
github.com/go-toolsmith/astequal v1.0.3 h1:+LVdyRatFS+XO78SGV4I3TCEA0AC7fKEGma+fH+674o=
github.com/go-toolsmith/astequal v1.0.3/go.mod h1:9Ai4UglvtR+4up+bAD4+hCj7iTo4m/OXVTSLnCyTAx4=
github.com/go-toolsmith/strparse v1.0.0/go.mod h1:YI2nUKP9YGZnL/L1/DLFBfixrcjslWct4wyljWhSRy8=
github.com/google/go-cmp v0.5.8/go.mod h1:17dUlkBOakJ0+DkrSSNjCkIjxS6bF9zb3elmeNGIjoY=
github.com/quasilyte/go-ruleguard v0.4.2 h1:htXcXDK6/rO12kiTHKfHuqR4kr3Y4M0J0rOL6CH/BYs=
github.com/quasilyte/go-ruleguard v0.4.2/go.mod h1:GJLgqsLeo4qgavUoL8JeGFNS7qcisx3awV/w9eWTmNI=
github.com/quasilyte/go-ruleguard/dsl v0.3.22 h1:wd8zkOhSNr+I+8Qeciml08ivDt1pSXe60+5DqOpCjPE=
github.com/quasilyte/go-ruleguard/dsl v0.3.22/go.mod h1:KeCP03KrjuSO0H1kTuZQCWlQPulDV6YMIXmpQss17rU=
github.com/quasilyte/gogrep v0.5.0 h1:eTKODPXbI8ffJMN+W2aE0+oL0z/nh8/5eNdiO34SOAo=
github.com/quasilyte/gogrep v0.5.0/go.mod h1:Cm9lpz9NZjEoL1tgZ2OgeUKPIxL1meE7eo60Z6Sk+Ng=
github.com/quasilyte/stdinfo v0.0.0-20220114132959-f7386bf02567 h1:M8mH9eK4OUR4lu7Gd+PU1fV2/qnDNfzT635KRSObncs=
github.com/quasilyte/stdinfo v0.0.0-20220114132959-f7386bf02567/go.mod h1:DWNGW8A4Y+GyBgPuaQJuWiy0XYftx4Xm/y5Jqk9I6VQ=
golang.org/x/exp/typeparams v0.0.0-20220428152302-39d4317da171/go.mod h1:AbB0pIl9nAr9wVwH+Z2ZpaocVmF5I4GyWCDIsVjR0bk=
golang.org/x/exp/typeparams v0.0.0-20240213143201-ec583247a57a h1:rrd/FiSCWtI24jk057yBSfEfHrzzjXva1VkDNWRXMag=
golang.org/x/exp/typeparams v0.0.0-20240213143201-ec583247a57a/go.mod h1:AbB0pIl9nAr9wVwH+Z2ZpaocVmF5I4GyWCDIsVjR0bk=
golang.org/x/mod v0.22.0 h1:D4nJWe9zXqHOmWqj4VMOJhvzj7bEZg4wEYa759z1pH4=
golang.org/x/mod v0.22.0/go.mod h1:6SkKJ3Xj0I0BrPOZoBy3bdMptDDU9oJrpohJ3eWZ1fY=
golang.org/x/sync v0.10.0 h1:3NQrjDixjgGwUOCaF8w2+VYHv0Ve/vGYSbdkTa98gmQ=
golang.org/x/sync v0.10.0/go.mod h1:Czt+wKu1gCyEFDUtn0jG5QVvpJ6rzVqr5aXyt9drQfk=
golang.org/x/tools v0.18.0 h1:k8NLag8AGHnn+PHbl7g43CtqZAwG60vZkLqgyZgIHgQ=
golang.org/x/tools v0.18.0/go.mod h1:GL7B4CwcLLeo59yx/9UWWuNOW1n3VZ4f5axWfML7Lcg=
golang.org/x/tools v0.28.0 h1:WuB6qZ4RPCQo5aP3WdKZS7i595EdWqWR8vqJTlwTVK8=
golang.org/x/tools v0.28.0/go.mod h1:dcIOrVd3mfQKTgrDVQHqCPMWy6lnhfhtX3hLXYVLfRw=
